
Microsoft Visual Studio Solution File, Format Version 11.00
# Visual Studio 2010
Project("{FAE04EC0-301F-11D3-BF4B-00C04F79EFBC}") = "Snarfz.Core", "Snarfz.Core\Snarfz.Core.csproj", "{B9021B60-4220-4512-AA83-84BF4BFADE43}"
EndProject
Project("{FAE04EC0-301F-11D3-BF4B-00C04F79EFBC}") = "Snarfz.UnitTests", "Snarfz.UnitTests\Snarfz.UnitTests.csproj", "{C3DB961D-420F-4D95-BA47-4397DB80FA53}"
	ProjectSection(ProjectDependencies) = postProject
		{B9021B60-4220-4512-AA83-84BF4BFADE43} = {B9021B60-4220-4512-AA83-84BF4BFADE43}
	EndProjectSection
EndProject
Global
	GlobalSection(SolutionConfigurationPlatforms) = preSolution
		Debug|Any CPU = Debug|Any CPU
		Release|Any CPU = Release|Any CPU
	EndGlobalSection
	GlobalSection(ProjectConfigurationPlatforms) = postSolution
		{B9021B60-4220-4512-AA83-84BF4BFADE43}.Debug|Any CPU.ActiveCfg = Debug|Any CPU
		{B9021B60-4220-4512-AA83-84BF4BFADE43}.Debug|Any CPU.Build.0 = Debug|Any CPU
		{B9021B60-4220-4512-AA83-84BF4BFADE43}.Release|Any CPU.ActiveCfg = Release|Any CPU
		{B9021B60-4220-4512-AA83-84BF4BFADE43}.Release|Any CPU.Build.0 = Release|Any CPU
		{C3DB961D-420F-4D95-BA47-4397DB80FA53}.Debug|Any CPU.ActiveCfg = Debug|Any CPU
		{C3DB961D-420F-4D95-BA47-4397DB80FA53}.Debug|Any CPU.Build.0 = Debug|Any CPU
		{C3DB961D-420F-4D95-BA47-4397DB80FA53}.Release|Any CPU.ActiveCfg = Release|Any CPU
		{C3DB961D-420F-4D95-BA47-4397DB80FA53}.Release|Any CPU.Build.0 = Release|Any CPU
	EndGlobalSection
	GlobalSection(SolutionProperties) = preSolution
		HideSolutionNode = FALSE
	EndGlobalSection
EndGlobal
